
Microsoft Visual Studio Solution File, Format Version 12.00
# Visual Studio 15
Project("{FAE04EC0-301F-11D3-BF4B-00C04F79EFBC}") = "ComicOrganizer", "ComicOrganizer\ComicOrganizer.csproj", "{C8D57E63-AF38-4BF1-B8A5-FBF43E2071FF}"
EndProject
Global
	GlobalSection(SolutionConfigurationPlatforms) = preSolution
		Debug|Any CPU = Debug|Any CPU
		Release|Any CPU = Release|Any CPU
	EndGlobalSection
	GlobalSection(ProjectConfigurationPlatforms) = postSolution
		{C8D57E63-AF38-4BF1-B8A5-FBF43E2071FF}.Debug|Any CPU.ActiveCfg = Debug|Any CPU
		{C8D57E63-AF38-4BF1-B8A5-FBF43E2071FF}.Debug|Any CPU.Build.0 = Debug|Any CPU
		{C8D57E63-AF38-4BF1-B8A5-FBF43E2071FF}.Release|Any CPU.ActiveCfg = Release|Any CPU
		{C8D57E63-AF38-4BF1-B8A5-FBF43E2071FF}.Release|Any CPU.Build.0 = Release|Any CPU
	EndGlobalSection
EndGlobal
